
Microsoft Visual Studio Solution File, Format Version 12.00
# Visual Studio Version 17
VisualStudioVersion = 17.1.32319.34
MinimumVisualStudioVersion = 10.0.40219.1
Project("{FAE04EC0-301F-11D3-BF4B-00C04F79EFBC}") = "LoginPanel", "Logbook\LoginPanel.csproj", "{2F1D091A-817F-4D41-AF10-8B0C83BA42D5}"
EndProject
Global
	GlobalSection(SolutionConfigurationPlatforms) = preSolution
		Debug|Any CPU = Debug|Any CPU
		Release|Any CPU = Release|Any CPU
	EndGlobalSection
	GlobalSection(ProjectConfigurationPlatforms) = postSolution
		{2F1D091A-817F-4D41-AF10-8B0C83BA42D5}.Debug|Any CPU.ActiveCfg = Debug|Any CPU
		{2F1D091A-817F-4D41-AF10-8B0C83BA42D5}.Debug|Any CPU.Build.0 = Debug|Any CPU
		{2F1D091A-817F-4D41-AF10-8B0C83BA42D5}.Release|Any CPU.ActiveCfg = Release|Any CPU
		{2F1D091A-817F-4D41-AF10-8B0C83BA42D5}.Release|Any CPU.Build.0 = Release|Any CPU
	EndGlobalSection
	GlobalSection(SolutionProperties) = preSolution
		HideSolutionNode = FALSE
	EndGlobalSection
	GlobalSection(ExtensibilityGlobals) = postSolution
		SolutionGuid = {63B67C7E-21C9-41BD-914A-8449C3023EA9}
	EndGlobalSection
EndGlobal
